
Microsoft Visual Studio Solution File, Format Version 12.00
# Visual Studio 15
VisualStudioVersion = 15.0.28307.757
MinimumVisualStudioVersion = 10.0.40219.1
Project("{FAE04EC0-301F-11D3-BF4B-00C04F79EFBC}") = "MoveData", "MoveData\MoveData.csproj", "{4D6C4009-7899-4722-A948-5D308431AFE8}"
EndProject
Global
	GlobalSection(SolutionConfigurationPlatforms) = preSolution
		Debug|Any CPU = Debug|Any CPU
		Release|Any CPU = Release|Any CPU
	EndGlobalSection
	GlobalSection(ProjectConfigurationPlatforms) = postSolution
		{4D6C4009-7899-4722-A948-5D308431AFE8}.Debug|Any CPU.ActiveCfg = Debug|Any CPU
		{4D6C4009-7899-4722-A948-5D308431AFE8}.Debug|Any CPU.Build.0 = Debug|Any CPU
		{4D6C4009-7899-4722-A948-5D308431AFE8}.Release|Any CPU.ActiveCfg = Release|Any CPU
		{4D6C4009-7899-4722-A948-5D308431AFE8}.Release|Any CPU.Build.0 = Release|Any CPU
	EndGlobalSection
	GlobalSection(SolutionProperties) = preSolution
		HideSolutionNode = FALSE
	EndGlobalSection
	GlobalSection(ExtensibilityGlobals) = postSolution
		SolutionGuid = {37B49633-F12B-461C-B541-32AB5C52D51B}
	EndGlobalSection
EndGlobal
